
Microsoft Visual Studio Solution File, Format Version 12.00
# Visual Studio Version 17
VisualStudioVersion = 17.0.31903.59
MinimumVisualStudioVersion = 10.0.40219.1
Project("{2150E333-8FDC-42A3-9474-1A3956D46DE8}") = "src", "src", "{827E0CD3-B72D-47B6-A68D-7590B98EB39B}"
EndProject
Project("{FAE04EC0-301F-11D3-BF4B-00C04F79EFBC}") = "CourtBooking.Domain", "src\CourtBooking.Domain\CourtBooking.Domain.csproj", "{A6D98FAA-FC1C-47FF-B1BA-9A40506EDE96}"
EndProject
Project("{FAE04EC0-301F-11D3-BF4B-00C04F79EFBC}") = "CourtBooking.Application", "src\CourtBooking.Application\CourtBooking.Application.csproj", "{5C43EC06-0748-47E2-B859-97EA80EC3274}"
EndProject
Project("{FAE04EC0-301F-11D3-BF4B-00C04F79EFBC}") = "CourtBooking.Infrastructure", "src\CourtBooking.Infrastructure\CourtBooking.Infrastructure.csproj", "{58A6F8D6-EFE6-4CCB-BFE1-8C15CED55218}"
EndProject
Project("{FAE04EC0-301F-11D3-BF4B-00C04F79EFBC}") = "CourtBooking.API", "src\CourtBooking.API\CourtBooking.API.csproj", "{8B2F762C-AA01-42CF-ADCF-9DF99A17AB0F}"
EndProject
Project("{2150E333-8FDC-42A3-9474-1A3956D46DE8}") = "tests", "tests", "{0AB3BF05-4346-4AA6-1389-037BE0695223}"
EndProject
Project("{FAE04EC0-301F-11D3-BF4B-00C04F79EFBC}") = "CourtBooking.Domain.Tests", "tests\CourtBooking.Domain.Tests\CourtBooking.Domain.Tests.csproj", "{0684854A-4BB9-49E3-B4D0-43616CEE4F7A}"
EndProject
Project("{FAE04EC0-301F-11D3-BF4B-00C04F79EFBC}") = "CourtBooking.Application.Tests", "tests\CourtBooking.Application.Tests\CourtBooking.Application.Tests.csproj", "{F4B469F0-C71C-4997-AC84-383C5ED91F5A}"
EndProject
Project("{FAE04EC0-301F-11D3-BF4B-00C04F79EFBC}") = "CourtBooking.API.Tests", "tests\CourtBooking.API.Tests\CourtBooking.API.Tests.csproj", "{78D30F0A-8161-4DC9-B030-2A2ECF005C7D}"
EndProject
Global
	GlobalSection(SolutionConfigurationPlatforms) = preSolution
		Debug|Any CPU = Debug|Any CPU
		Debug|x64 = Debug|x64
		Debug|x86 = Debug|x86
		Release|Any CPU = Release|Any CPU
		Release|x64 = Release|x64
		Release|x86 = Release|x86
	EndGlobalSection
	GlobalSection(ProjectConfigurationPlatforms) = postSolution
		{A6D98FAA-FC1C-47FF-B1BA-9A40506EDE96}.Debug|Any CPU.ActiveCfg = Debug|Any CPU
		{A6D98FAA-FC1C-47FF-B1BA-9A40506EDE96}.Debug|Any CPU.Build.0 = Debug|Any CPU
		{A6D98FAA-FC1C-47FF-B1BA-9A40506EDE96}.Debug|x64.ActiveCfg = Debug|Any CPU
		{A6D98FAA-FC1C-47FF-B1BA-9A40506EDE96}.Debug|x64.Build.0 = Debug|Any CPU
		{A6D98FAA-FC1C-47FF-B1BA-9A40506EDE96}.Debug|x86.ActiveCfg = Debug|Any CPU
		{A6D98FAA-FC1C-47FF-B1BA-9A40506EDE96}.Debug|x86.Build.0 = Debug|Any CPU
		{A6D98FAA-FC1C-47FF-B1BA-9A40506EDE96}.Release|Any CPU.ActiveCfg = Release|Any CPU
		{A6D98FAA-FC1C-47FF-B1BA-9A40506EDE96}.Release|Any CPU.Build.0 = Release|Any CPU
		{A6D98FAA-FC1C-47FF-B1BA-9A40506EDE96}.Release|x64.ActiveCfg = Release|Any CPU
		{A6D98FAA-FC1C-47FF-B1BA-9A40506EDE96}.Release|x64.Build.0 = Release|Any CPU
		{A6D98FAA-FC1C-47FF-B1BA-9A40506EDE96}.Release|x86.ActiveCfg = Release|Any CPU
		{A6D98FAA-FC1C-47FF-B1BA-9A40506EDE96}.Release|x86.Build.0 = Release|Any CPU
		{5C43EC06-0748-47E2-B859-97EA80EC3274}.Debug|Any CPU.ActiveCfg = Debug|Any CPU
		{5C43EC06-0748-47E2-B859-97EA80EC3274}.Debug|Any CPU.Build.0 = Debug|Any CPU
		{5C43EC06-0748-47E2-B859-97EA80EC3274}.Debug|x64.ActiveCfg = Debug|Any CPU
		{5C43EC06-0748-47E2-B859-97EA80EC3274}.Debug|x64.Build.0 = Debug|Any CPU
		{5C43EC06-0748-47E2-B859-97EA80EC3274}.Debug|x86.ActiveCfg = Debug|Any CPU
		{5C43EC06-0748-47E2-B859-97EA80EC3274}.Debug|x86.Build.0 = Debug|Any CPU
		{5C43EC06-0748-47E2-B859-97EA80EC3274}.Release|Any CPU.ActiveCfg = Release|Any CPU
		{5C43EC06-0748-47E2-B859-97EA80EC3274}.Release|Any CPU.Build.0 = Release|Any CPU
		{5C43EC06-0748-47E2-B859-97EA80EC3274}.Release|x64.ActiveCfg = Release|Any CPU
		{5C43EC06-0748-47E2-B859-97EA80EC3274}.Release|x64.Build.0 = Release|Any CPU
		{5C43EC06-0748-47E2-B859-97EA80EC3274}.Release|x86.ActiveCfg = Release|Any CPU
		{5C43EC06-0748-47E2-B859-97EA80EC3274}.Release|x86.Build.0 = Release|Any CPU
		{58A6F8D6-EFE6-4CCB-BFE1-8C15CED55218}.Debug|Any CPU.ActiveCfg = Debug|Any CPU
		{58A6F8D6-EFE6-4CCB-BFE1-8C15CED55218}.Debug|Any CPU.Build.0 = Debug|Any CPU
		{58A6F8D6-EFE6-4CCB-BFE1-8C15CED55218}.Debug|x64.ActiveCfg = Debug|Any CPU
		{58A6F8D6-EFE6-4CCB-BFE1-8C15CED55218}.Debug|x64.Build.0 = Debug|Any CPU
		{58A6F8D6-EFE6-4CCB-BFE1-8C15CED55218}.Debug|x86.ActiveCfg = Debug|Any CPU
		{58A6F8D6-EFE6-4CCB-BFE1-8C15CED55218}.Debug|x86.Build.0 = Debug|Any CPU
		{58A6F8D6-EFE6-4CCB-BFE1-8C15CED55218}.Release|Any CPU.ActiveCfg = Release|Any CPU
		{58A6F8D6-EFE6-4CCB-BFE1-8C15CED55218}.Release|Any CPU.Build.0 = Release|Any CPU
		{58A6F8D6-EFE6-4CCB-BFE1-8C15CED55218}.Release|x64.ActiveCfg = Release|Any CPU
		{58A6F8D6-EFE6-4CCB-BFE1-8C15CED55218}.Release|x64.Build.0 = Release|Any CPU
		{58A6F8D6-EFE6-4CCB-BFE1-8C15CED55218}.Release|x86.ActiveCfg = Release|Any CPU
		{58A6F8D6-EFE6-4CCB-BFE1-8C15CED55218}.Release|x86.Build.0 = Release|Any CPU
		{8B2F762C-AA01-42CF-ADCF-9DF99A17AB0F}.Debug|Any CPU.ActiveCfg = Debug|Any CPU
		{8B2F762C-AA01-42CF-ADCF-9DF99A17AB0F}.Debug|Any CPU.Build.0 = Debug|Any CPU
		{8B2F762C-AA01-42CF-ADCF-9DF99A17AB0F}.Debug|x64.ActiveCfg = Debug|Any CPU
		{8B2F762C-AA01-42CF-ADCF-9DF99A17AB0F}.Debug|x64.Build.0 = Debug|Any CPU
		{8B2F762C-AA01-42CF-ADCF-9DF99A17AB0F}.Debug|x86.ActiveCfg = Debug|Any CPU
		{8B2F762C-AA01-42CF-ADCF-9DF99A17AB0F}.Debug|x86.Build.0 = Debug|Any CPU
		{8B2F762C-AA01-42CF-ADCF-9DF99A17AB0F}.Release|Any CPU.ActiveCfg = Release|Any CPU
		{8B2F762C-AA01-42CF-ADCF-9DF99A17AB0F}.Release|Any CPU.Build.0 = Release|Any CPU
		{8B2F762C-AA01-42CF-ADCF-9DF99A17AB0F}.Release|x64.ActiveCfg = Release|Any CPU
		{8B2F762C-AA01-42CF-ADCF-9DF99A17AB0F}.Release|x64.Build.0 = Release|Any CPU
		{8B2F762C-AA01-42CF-ADCF-9DF99A17AB0F}.Release|x86.ActiveCfg = Release|Any CPU
		{8B2F762C-AA01-42CF-ADCF-9DF99A17AB0F}.Release|x86.Build.0 = Release|Any CPU
		{0684854A-4BB9-49E3-B4D0-43616CEE4F7A}.Debug|Any CPU.ActiveCfg = Debug|Any CPU
		{0684854A-4BB9-49E3-B4D0-43616CEE4F7A}.Debug|Any CPU.Build.0 = Debug|Any CPU
		{0684854A-4BB9-49E3-B4D0-43616CEE4F7A}.Debug|x64.ActiveCfg = Debug|Any CPU
		{0684854A-4BB9-49E3-B4D0-43616CEE4F7A}.Debug|x64.Build.0 = Debug|Any CPU
		{0684854A-4BB9-49E3-B4D0-43616CEE4F7A}.Debug|x86.ActiveCfg = Debug|Any CPU
		{0684854A-4BB9-49E3-B4D0-43616CEE4F7A}.Debug|x86.Build.0 = Debug|Any CPU
		{0684854A-4BB9-49E3-B4D0-43616CEE4F7A}.Release|Any CPU.ActiveCfg = Release|Any CPU
		{0684854A-4BB9-49E3-B4D0-43616CEE4F7A}.Release|Any CPU.Build.0 = Release|Any CPU
		{0684854A-4BB9-49E3-B4D0-43616CEE4F7A}.Release|x64.ActiveCfg = Release|Any CPU
		{0684854A-4BB9-49E3-B4D0-43616CEE4F7A}.Release|x64.Build.0 = Release|Any CPU
		{0684854A-4BB9-49E3-B4D0-43616CEE4F7A}.Release|x86.ActiveCfg = Release|Any CPU
		{0684854A-4BB9-49E3-B4D0-43616CEE4F7A}.Release|x86.Build.0 = Release|Any CPU
		{F4B469F0-C71C-4997-AC84-383C5ED91F5A}.Debug|Any CPU.ActiveCfg = Debug|Any CPU
		{F4B469F0-C71C-4997-AC84-383C5ED91F5A}.Debug|Any CPU.Build.0 = Debug|Any CPU
		{F4B469F0-C71C-4997-AC84-383C5ED91F5A}.Debug|x64.ActiveCfg = Debug|Any CPU
		{F4B469F0-C71C-4997-AC84-383C5ED91F5A}.Debug|x64.Build.0 = Debug|Any CPU
		{F4B469F0-C71C-4997-AC84-383C5ED91F5A}.Debug|x86.ActiveCfg = Debug|Any CPU
		{F4B469F0-C71C-4997-AC84-383C5ED91F5A}.Debug|x86.Build.0 = Debug|Any CPU
		{F4B469F0-C71C-4997-AC84-383C5ED91F5A}.Release|Any CPU.ActiveCfg = Release|Any CPU
		{F4B469F0-C71C-4997-AC84-383C5ED91F5A}.Release|Any CPU.Build.0 = Release|Any CPU
		{F4B469F0-C71C-4997-AC84-383C5ED91F5A}.Release|x64.ActiveCfg = Release|Any CPU
		{F4B469F0-C71C-4997-AC84-383C5ED91F5A}.Release|x64.Build.0 = Release|Any CPU
		{F4B469F0-C71C-4997-AC84-383C5ED91F5A}.Release|x86.ActiveCfg = Release|Any CPU
		{F4B469F0-C71C-4997-AC84-383C5ED91F5A}.Release|x86.Build.0 = Release|Any CPU
		{78D30F0A-8161-4DC9-B030-2A2ECF005C7D}.Debug|Any CPU.ActiveCfg = Debug|Any CPU
		{78D30F0A-8161-4DC9-B030-2A2ECF005C7D}.Debug|Any CPU.Build.0 = Debug|Any CPU
		{78D30F0A-8161-4DC9-B030-2A2ECF005C7D}.Debug|x64.ActiveCfg = Debug|Any CPU
		{78D30F0A-8161-4DC9-B030-2A2ECF005C7D}.Debug|x64.Build.0 = Debug|Any CPU
		{78D30F0A-8161-4DC9-B030-2A2ECF005C7D}.Debug|x86.ActiveCfg = Debug|Any CPU
		{78D30F0A-8161-4DC9-B030-2A2ECF005C7D}.Debug|x86.Build.0 = Debug|Any CPU
		{78D30F0A-8161-4DC9-B030-2A2ECF005C7D}.Release|Any CPU.ActiveCfg = Release|Any CPU
		{78D30F0A-8161-4DC9-B030-2A2ECF005C7D}.Release|Any CPU.Build.0 = Release|Any CPU
		{78D30F0A-8161-4DC9-B030-2A2ECF005C7D}.Release|x64.ActiveCfg = Release|Any CPU
		{78D30F0A-8161-4DC9-B030-2A2ECF005C7D}.Release|x64.Build.0 = Release|Any CPU
		{78D30F0A-8161-4DC9-B030-2A2ECF005C7D}.Release|x86.ActiveCfg = Release|Any CPU
		{78D30F0A-8161-4DC9-B030-2A2ECF005C7D}.Release|x86.Build.0 = Release|Any CPU
	EndGlobalSection
	GlobalSection(SolutionProperties) = preSolution
		HideSolutionNode = FALSE
	EndGlobalSection
	GlobalSection(NestedProjects) = preSolution
		{A6D98FAA-FC1C-47FF-B1BA-9A40506EDE96} = {827E0CD3-B72D-47B6-A68D-7590B98EB39B}
		{5C43EC06-0748-47E2-B859-97EA80EC3274} = {827E0CD3-B72D-47B6-A68D-7590B98EB39B}
		{58A6F8D6-EFE6-4CCB-BFE1-8C15CED55218} = {827E0CD3-B72D-47B6-A68D-7590B98EB39B}
		{8B2F762C-AA01-42CF-ADCF-9DF99A17AB0F} = {827E0CD3-B72D-47B6-A68D-7590B98EB39B}
		{0684854A-4BB9-49E3-B4D0-43616CEE4F7A} = {0AB3BF05-4346-4AA6-1389-037BE0695223}
		{F4B469F0-C71C-4997-AC84-383C5ED91F5A} = {0AB3BF05-4346-4AA6-1389-037BE0695223}
		{78D30F0A-8161-4DC9-B030-2A2ECF005C7D} = {0AB3BF05-4346-4AA6-1389-037BE0695223}
	EndGlobalSection
EndGlobal
